{
  "version": 4,
  "terraform_version": "1.3.0",
  "serial": 16,
  "lineage": "7fa536d9-a4a7-a89e-ef23-328344d1c745",
  "outputs": {
    "azurerm_postgresql_flexible_server": {
      "value": "pgsql-soatbc22-dev-fr",
      "type": "string"
    },
    "postgresql_flexible_server_database_name": {
      "value": "antigaspi",
      "type": "string"
    },
    "resource_group_name": {
      "value": "rg-soatbc22-dev-fr",
      "type": "string"
    }
  },
  "resources": [
    {
      "mode": "managed",
      "type": "azurerm_application_insights",
      "name": "default",
      "provider": "provider[\"registry.terraform.io/hashicorp/azurerm\"]",
      "instances": [
        {
          "schema_version": 1,
          "attributes": {
            "app_id": "f7bc2e80-c873-4160-b0ff-071d057a4ee0",
            "application_type": "web",
            "connection_string": "InstrumentationKey=a3e5b45e-8365-402f-8039-7ea8bb507c2a;IngestionEndpoint=https://francecentral-1.in.applicationinsights.azure.com/;LiveEndpoint=https://francecentral.livediagnostics.monitor.azure.com/",
            "daily_data_cap_in_gb": 100,
            "daily_data_cap_notifications_disabled": false,
            "disable_ip_masking": false,
            "force_customer_storage_for_profiler": false,
            "id": "/subscriptions/a8c2cbf3-06e2-466d-b096-081fe8a3d549/resourceGroups/rg-soatbc22-dev-fr/providers/Microsoft.Insights/components/appi-soatbc22-dev-fr",
            "instrumentation_key": "a3e5b45e-8365-402f-8039-7ea8bb507c2a",
            "internet_ingestion_enabled": true,
            "internet_query_enabled": true,
            "local_authentication_disabled": false,
            "location": "francecentral",
            "name": "appi-soatbc22-dev-fr",
            "resource_group_name": "rg-soatbc22-dev-fr",
            "retention_in_days": 90,
            "sampling_percentage": 100,
            "tags": {},
            "timeouts": null,
            "workspace_id": "/subscriptions/a8c2cbf3-06e2-466d-b096-081fe8a3d549/resourceGroups/rg-soatbc22-dev-fr/providers/Microsoft.OperationalInsights/workspaces/log-soatbc22-dev-fr"
          },
          "sensitive_attributes": [],
          "private": "eyJlMmJmYjczMC1lY2FhLTExZTYtOGY4OC0zNDM2M2JjN2M0YzAiOnsiY3JlYXRlIjozNjAwMDAwMDAwMDAwLCJkZWxldGUiOjE4MDAwMDAwMDAwMDAsInJlYWQiOjMwMDAwMDAwMDAwMCwidXBkYXRlIjoxODAwMDAwMDAwMDAwfSwic2NoZW1hX3ZlcnNpb24iOiIxIn0=",
          "dependencies": [
            "azurerm_log_analytics_workspace.default",
            "azurerm_resource_group.default"
          ]
        }
      ]
    },
    {
      "mode": "managed",
      "type": "azurerm_log_analytics_workspace",
      "name": "default",
      "provider": "provider[\"registry.terraform.io/hashicorp/azurerm\"]",
      "instances": [
        {
          "schema_version": 2,
          "attributes": {
            "cmk_for_query_forced": false,
            "daily_quota_gb": -1,
            "id": "/subscriptions/a8c2cbf3-06e2-466d-b096-081fe8a3d549/resourceGroups/rg-soatbc22-dev-fr/providers/Microsoft.OperationalInsights/workspaces/log-soatbc22-dev-fr",
            "internet_ingestion_enabled": true,
            "internet_query_enabled": true,
            "location": "francecentral",
            "name": "log-soatbc22-dev-fr",
            "primary_shared_key": "91L6ILbvtTjy0svXogq2Dtga2IY7NOw/0IKLC8kXaSiSIPY5+gnXwTGjDd2x5CL5KGIt7UvI3p4QEKUKOs3yjg==",
            "reservation_capacity_in_gb_per_day": null,
            "resource_group_name": "rg-soatbc22-dev-fr",
            "retention_in_days": 30,
            "secondary_shared_key": "Ibt1Bmd8K9Ug1I3PbD9hFMPFOqN1pWNaIgzWhKH/DuOPexAOHEPwF2vhWkMzvwW2RLLgCVN94YdBWGnxnJqZPA==",
            "sku": "PerGB2018",
            "tags": {},
            "timeouts": null,
            "workspace_id": "413d1d8b-4b3b-4ebc-9345-e6676b53bca4"
          },
          "sensitive_attributes": [],
          "private": "eyJlMmJmYjczMC1lY2FhLTExZTYtOGY4OC0zNDM2M2JjN2M0YzAiOnsiY3JlYXRlIjoxODAwMDAwMDAwMDAwLCJkZWxldGUiOjE4MDAwMDAwMDAwMDAsInJlYWQiOjMwMDAwMDAwMDAwMCwidXBkYXRlIjoxODAwMDAwMDAwMDAwfSwic2NoZW1hX3ZlcnNpb24iOiIyIn0=",
          "dependencies": [
            "azurerm_resource_group.default"
          ]
        }
      ]
    },
    {
      "mode": "managed",
      "type": "azurerm_postgresql_flexible_server",
      "name": "default",
      "provider": "provider[\"registry.terraform.io/hashicorp/azurerm\"]",
      "instances": [
        {
          "schema_version": 0,
          "attributes": {
            "administrator_login": "user",
            "administrator_password": "P@ssw0rd",
            "backup_retention_days": 7,
            "create_mode": null,
            "delegated_subnet_id": "",
            "fqdn": "pgsql-soatbc22-dev-fr.postgres.database.azure.com",
            "geo_redundant_backup_enabled": false,
            "high_availability": [],
            "id": "/subscriptions/a8c2cbf3-06e2-466d-b096-081fe8a3d549/resourceGroups/rg-soatbc22-dev-fr/providers/Microsoft.DBforPostgreSQL/flexibleServers/pgsql-soatbc22-dev-fr",
            "location": "francecentral",
            "maintenance_window": [],
            "name": "pgsql-soatbc22-dev-fr",
            "point_in_time_restore_time_in_utc": null,
            "private_dns_zone_id": "",
            "public_network_access_enabled": true,
            "resource_group_name": "rg-soatbc22-dev-fr",
            "sku_name": "B_Standard_B1ms",
            "source_server_id": null,
            "storage_mb": 32768,
            "tags": {},
            "timeouts": null,
            "version": "14",
            "zone": "1"
          },
          "sensitive_attributes": [
            [
              {
                "type": "get_attr",
                "value": "administrator_password"
              }
            ]
          ],
          "private": "eyJlMmJmYjczMC1lY2FhLTExZTYtOGY4OC0zNDM2M2JjN2M0YzAiOnsiY3JlYXRlIjozNjAwMDAwMDAwMDAwLCJkZWxldGUiOjM2MDAwMDAwMDAwMDAsInJlYWQiOjMwMDAwMDAwMDAwMCwidXBkYXRlIjozNjAwMDAwMDAwMDAwfX0=",
          "dependencies": [
            "azurerm_resource_group.default"
          ]
        }
      ]
    },
    {
      "mode": "managed",
      "type": "azurerm_postgresql_flexible_server_database",
      "name": "default",
      "provider": "provider[\"registry.terraform.io/hashicorp/azurerm\"]",
      "instances": [
        {
          "schema_version": 0,
          "attributes": {
            "charset": "UTF8",
            "collation": "en_US.UTF8",
            "id": "/subscriptions/a8c2cbf3-06e2-466d-b096-081fe8a3d549/resourceGroups/rg-soatbc22-dev-fr/providers/Microsoft.DBforPostgreSQL/flexibleServers/pgsql-soatbc22-dev-fr/databases/antigaspi",
            "name": "antigaspi",
            "server_id": "/subscriptions/a8c2cbf3-06e2-466d-b096-081fe8a3d549/resourceGroups/rg-soatbc22-dev-fr/providers/Microsoft.DBforPostgreSQL/flexibleServers/pgsql-soatbc22-dev-fr",
            "timeouts": null
          },
          "sensitive_attributes": [],
          "private": "eyJlMmJmYjczMC1lY2FhLTExZTYtOGY4OC0zNDM2M2JjN2M0YzAiOnsiY3JlYXRlIjoxODAwMDAwMDAwMDAwLCJkZWxldGUiOjE4MDAwMDAwMDAwMDAsInJlYWQiOjMwMDAwMDAwMDAwMH19",
          "dependencies": [
            "azurerm_postgresql_flexible_server.default",
            "azurerm_resource_group.default"
          ]
        }
      ]
    },
    {
      "mode": "managed",
      "type": "azurerm_resource_group",
      "name": "default",
      "provider": "provider[\"registry.terraform.io/hashicorp/azurerm\"]",
      "instances": [
        {
          "schema_version": 0,
          "attributes": {
            "id": "/subscriptions/a8c2cbf3-06e2-466d-b096-081fe8a3d549/resourceGroups/rg-soatbc22-dev-fr",
            "location": "francecentral",
            "name": "rg-soatbc22-dev-fr",
            "tags": {},
            "timeouts": null
          },
          "sensitive_attributes": [],
          "private": "eyJlMmJmYjczMC1lY2FhLTExZTYtOGY4OC0zNDM2M2JjN2M0YzAiOnsiY3JlYXRlIjo1NDAwMDAwMDAwMDAwLCJkZWxldGUiOjU0MDAwMDAwMDAwMDAsInJlYWQiOjMwMDAwMDAwMDAwMCwidXBkYXRlIjo1NDAwMDAwMDAwMDAwfX0="
        }
      ]
    },
    {
      "mode": "managed",
      "type": "azurerm_service_plan",
      "name": "default",
      "provider": "provider[\"registry.terraform.io/hashicorp/azurerm\"]",
      "instances": [
        {
          "schema_version": 0,
          "attributes": {
            "app_service_environment_id": "",
            "id": "/subscriptions/a8c2cbf3-06e2-466d-b096-081fe8a3d549/resourceGroups/rg-soatbc22-dev-fr/providers/Microsoft.Web/serverfarms/plan-soatbc22-dev-fr",
            "kind": "app",
            "location": "francecentral",
            "maximum_elastic_worker_count": 1,
            "name": "plan-soatbc22-dev-fr",
            "os_type": "Windows",
            "per_site_scaling_enabled": false,
            "reserved": false,
            "resource_group_name": "rg-soatbc22-dev-fr",
            "sku_name": "F1",
            "tags": {},
            "timeouts": null,
            "worker_count": 0,
            "zone_balancing_enabled": false
          },
          "sensitive_attributes": [],
          "private": "eyJlMmJmYjczMC1lY2FhLTExZTYtOGY4OC0zNDM2M2JjN2M0YzAiOnsiY3JlYXRlIjozNjAwMDAwMDAwMDAwLCJkZWxldGUiOjM2MDAwMDAwMDAwMDAsInJlYWQiOjMwMDAwMDAwMDAwMCwidXBkYXRlIjozNjAwMDAwMDAwMDAwfX0=",
          "dependencies": [
            "azurerm_resource_group.default"
          ]
        }
      ]
    },
    {
      "mode": "managed",
      "type": "azurerm_windows_web_app",
      "name": "default",
      "provider": "provider[\"registry.terraform.io/hashicorp/azurerm\"]",
      "instances": [
        {
          "schema_version": 0,
          "attributes": {
            "app_settings": {
              "APPINSIGHTS_INSTRUMENTATIONKEY": "a3e5b45e-8365-402f-8039-7ea8bb507c2a",
              "APPLICATIONINSIGHTS_CONNECTION_STRING": "InstrumentationKey=a3e5b45e-8365-402f-8039-7ea8bb507c2a;IngestionEndpoint=https://francecentral-1.in.applicationinsights.azure.com/;LiveEndpoint=https://francecentral.livediagnostics.monitor.azure.com/",
              "ApplicationInsightsAgent_EXTENSION_VERSION": "~3",
              "XDT_MicrosoftApplicationInsights_Mode": "recommended"
            },
            "auth_settings": [
              {
                "active_directory": [],
                "additional_login_parameters": {},
                "allowed_external_redirect_urls": [],
                "default_provider": "",
                "enabled": false,
                "facebook": [],
                "github": [],
                "google": [],
                "issuer": "",
                "microsoft": [],
                "runtime_version": "",
                "token_refresh_extension_hours": 0,
                "token_store_enabled": false,
                "twitter": [],
                "unauthenticated_client_action": ""
              }
            ],
            "backup": [],
            "client_affinity_enabled": false,
            "client_certificate_enabled": false,
            "client_certificate_mode": "Required",
            "connection_string": [
              {
                "name": "AntiGaspiContext",
                "type": "PostgreSQL",
                "value": "Server=pgsql-soatbc22-dev-fr.postgres.database.azure.com;Database=antigaspi;Username=user;Password=P@ssw0rd"
              }
            ],
            "custom_domain_verification_id": "F0B74D87C2734BC213FDA5D04CC8AA637E5F2D8DFF172EDF337691B422881F45",
            "default_hostname": "app-soatbc22-dev-fr.azurewebsites.net",
            "enabled": true,
            "https_only": false,
            "id": "/subscriptions/a8c2cbf3-06e2-466d-b096-081fe8a3d549/resourceGroups/rg-soatbc22-dev-fr/providers/Microsoft.Web/sites/app-soatbc22-dev-fr",
            "identity": [],
            "key_vault_reference_identity_id": "SystemAssigned",
            "kind": "app",
            "location": "francecentral",
            "logs": [],
            "name": "app-soatbc22-dev-fr",
            "outbound_ip_address_list": [
              "40.66.62.25",
              "20.74.28.170",
              "20.74.74.36",
              "20.74.74.99",
              "20.74.76.20",
              "20.74.76.129",
              "20.111.1.2"
            ],
            "outbound_ip_addresses": "40.66.62.25,20.74.28.170,20.74.74.36,20.74.74.99,20.74.76.20,20.74.76.129,20.111.1.2",
            "possible_outbound_ip_address_list": [
              "40.66.62.25",
              "20.74.28.170",
              "20.74.74.36",
              "20.74.74.99",
              "20.74.76.20",
              "20.74.76.129",
              "20.74.77.167",
              "20.19.16.20",
              "20.19.16.48",
              "20.19.16.79",
              "20.19.16.103",
              "20.19.16.106",
              "20.19.16.132",
              "20.19.16.139",
              "20.19.16.170",
              "20.19.16.172",
              "20.19.16.177",
              "20.19.16.205",
              "20.19.16.220",
              "20.19.16.237",
              "20.19.16.245",
              "20.19.16.253",
              "20.19.17.12",
              "20.19.17.33",
              "20.19.17.38",
              "20.19.17.55",
              "20.19.17.73",
              "20.19.17.89",
              "20.19.17.121",
              "20.19.17.137",
              "20.111.1.2"
            ],
            "possible_outbound_ip_addresses": "40.66.62.25,20.74.28.170,20.74.74.36,20.74.74.99,20.74.76.20,20.74.76.129,20.74.77.167,20.19.16.20,20.19.16.48,20.19.16.79,20.19.16.103,20.19.16.106,20.19.16.132,20.19.16.139,20.19.16.170,20.19.16.172,20.19.16.177,20.19.16.205,20.19.16.220,20.19.16.237,20.19.16.245,20.19.16.253,20.19.17.12,20.19.17.33,20.19.17.38,20.19.17.55,20.19.17.73,20.19.17.89,20.19.17.121,20.19.17.137,20.111.1.2",
            "resource_group_name": "rg-soatbc22-dev-fr",
            "service_plan_id": "/subscriptions/a8c2cbf3-06e2-466d-b096-081fe8a3d549/resourceGroups/rg-soatbc22-dev-fr/providers/Microsoft.Web/serverfarms/plan-soatbc22-dev-fr",
            "site_config": [
              {
                "always_on": false,
                "api_definition_url": "",
                "api_management_api_id": "",
                "app_command_line": "",
                "application_stack": [
                  {
                    "current_stack": "dotnet",
                    "docker_container_name": "",
                    "docker_container_registry": "",
                    "docker_container_tag": "",
                    "dotnet_version": "v6.0",
                    "java_container": "",
                    "java_container_version": "",
                    "java_version": "",
                    "node_version": "",
                    "php_version": "",
                    "python_version": ""
                  }
                ],
                "auto_heal_enabled": false,
                "auto_heal_setting": [],
                "container_registry_managed_identity_client_id": "",
                "container_registry_use_managed_identity": false,
                "cors": [],
                "default_documents": [
                  "Default.htm",
                  "Default.html",
                  "Default.asp",
                  "index.htm",
                  "index.html",
                  "iisstart.htm",
                  "default.aspx",
                  "index.php",
                  "hostingstart.html"
                ],
                "detailed_error_logging_enabled": false,
                "ftps_state": "Disabled",
                "health_check_eviction_time_in_min": 0,
                "health_check_path": "",
                "http2_enabled": false,
                "ip_restriction": [],
                "linux_fx_version": "",
                "load_balancing_mode": "LeastRequests",
                "local_mysql_enabled": false,
                "managed_pipeline_mode": "Integrated",
                "minimum_tls_version": "1.2",
                "remote_debugging_enabled": false,
                "remote_debugging_version": "VS2019",
                "scm_ip_restriction": [],
                "scm_minimum_tls_version": "1.2",
                "scm_type": "None",
                "scm_use_main_ip_restriction": false,
                "use_32_bit_worker": true,
                "virtual_application": [],
                "vnet_route_all_enabled": false,
                "websockets_enabled": false,
                "windows_fx_version": "",
                "worker_count": 1
              }
            ],
            "site_credential": [
              {
                "name": "$app-soatbc22-dev-fr",
                "password": "taKX8a3uLzRnTKz1wJ0kgj5xtf5fxmoCcLN482HLhfk3YQpgPzNigja34dPl"
              }
            ],
            "sticky_settings": [],
            "storage_account": [],
            "tags": null,
            "timeouts": null,
            "virtual_network_subnet_id": "",
            "zip_deploy_file": ""
          },
          "sensitive_attributes": [
            [
              {
                "type": "get_attr",
                "value": "connection_string"
              }
            ],
            [
              {
                "type": "get_attr",
                "value": "app_settings"
              },
              {
                "type": "index",
                "value": {
                  "value": "APPINSIGHTS_INSTRUMENTATIONKEY",
                  "type": "string"
                }
              }
            ],
            [
              {
                "type": "get_attr",
                "value": "app_settings"
              },
              {
                "type": "index",
                "value": {
                  "value": "APPLICATIONINSIGHTS_CONNECTION_STRING",
                  "type": "string"
                }
              }
            ]
          ],
          "private": "eyJlMmJmYjczMC1lY2FhLTExZTYtOGY4OC0zNDM2M2JjN2M0YzAiOnsiY3JlYXRlIjoxODAwMDAwMDAwMDAwLCJkZWxldGUiOjE4MDAwMDAwMDAwMDAsInJlYWQiOjMwMDAwMDAwMDAwMCwidXBkYXRlIjoxODAwMDAwMDAwMDAwfX0=",
          "dependencies": [
            "azurerm_application_insights.default",
            "azurerm_log_analytics_workspace.default",
            "azurerm_postgresql_flexible_server.default",
            "azurerm_postgresql_flexible_server_database.default",
            "azurerm_resource_group.default",
            "azurerm_service_plan.default"
          ]
        }
      ]
    }
  ],
  "check_results": []
}
