{
  "version": 4,
  "terraform_version": "1.3.0",
  "serial": 8,
  "lineage": "7fa536d9-a4a7-a89e-ef23-328344d1c745",
  "outputs": {
    "azurerm_postgresql_flexible_server": {
      "value": "pgsql-soatbc22-dev-fr",
      "type": "string"
    },
    "postgresql_flexible_server_database_name": {
      "value": "antigaspi",
      "type": "string"
    },
    "resource_group_name": {
      "value": "rg-soatbc22-dev-fr",
      "type": "string"
    }
  },
  "resources": [
    {
      "mode": "managed",
      "type": "azurerm_application_insights",
      "name": "default",
      "provider": "provider[\"registry.terraform.io/hashicorp/azurerm\"]",
      "instances": [
        {
          "schema_version": 1,
          "attributes": {
            "app_id": "f7bc2e80-c873-4160-b0ff-071d057a4ee0",
            "application_type": "web",
            "connection_string": "InstrumentationKey=a3e5b45e-8365-402f-8039-7ea8bb507c2a;IngestionEndpoint=https://francecentral-1.in.applicationinsights.azure.com/;LiveEndpoint=https://francecentral.livediagnostics.monitor.azure.com/",
            "daily_data_cap_in_gb": 100,
            "daily_data_cap_notifications_disabled": false,
            "disable_ip_masking": false,
            "force_customer_storage_for_profiler": false,
            "id": "/subscriptions/a8c2cbf3-06e2-466d-b096-081fe8a3d549/resourceGroups/rg-soatbc22-dev-fr/providers/Microsoft.Insights/components/appi-soatbc22-dev-fr",
            "instrumentation_key": "a3e5b45e-8365-402f-8039-7ea8bb507c2a",
            "internet_ingestion_enabled": true,
            "internet_query_enabled": true,
            "local_authentication_disabled": false,
            "location": "francecentral",
            "name": "appi-soatbc22-dev-fr",
            "resource_group_name": "rg-soatbc22-dev-fr",
            "retention_in_days": 90,
            "sampling_percentage": 100,
            "tags": null,
            "timeouts": null,
            "workspace_id": "/subscriptions/a8c2cbf3-06e2-466d-b096-081fe8a3d549/resourceGroups/rg-soatbc22-dev-fr/providers/Microsoft.OperationalInsights/workspaces/log-soatbc22-dev-fr"
          },
          "sensitive_attributes": [],
          "private": "eyJlMmJmYjczMC1lY2FhLTExZTYtOGY4OC0zNDM2M2JjN2M0YzAiOnsiY3JlYXRlIjozNjAwMDAwMDAwMDAwLCJkZWxldGUiOjE4MDAwMDAwMDAwMDAsInJlYWQiOjMwMDAwMDAwMDAwMCwidXBkYXRlIjoxODAwMDAwMDAwMDAwfSwic2NoZW1hX3ZlcnNpb24iOiIxIn0=",
          "dependencies": [
            "azurerm_log_analytics_workspace.default",
            "azurerm_resource_group.default"
          ]
        }
      ]
    },
    {
      "mode": "managed",
      "type": "azurerm_log_analytics_workspace",
      "name": "default",
      "provider": "provider[\"registry.terraform.io/hashicorp/azurerm\"]",
      "instances": [
        {
          "schema_version": 2,
          "attributes": {
            "cmk_for_query_forced": false,
            "daily_quota_gb": -1,
            "id": "/subscriptions/a8c2cbf3-06e2-466d-b096-081fe8a3d549/resourceGroups/rg-soatbc22-dev-fr/providers/Microsoft.OperationalInsights/workspaces/log-soatbc22-dev-fr",
            "internet_ingestion_enabled": true,
            "internet_query_enabled": true,
            "location": "francecentral",
            "name": "log-soatbc22-dev-fr",
            "primary_shared_key": "91L6ILbvtTjy0svXogq2Dtga2IY7NOw/0IKLC8kXaSiSIPY5+gnXwTGjDd2x5CL5KGIt7UvI3p4QEKUKOs3yjg==",
            "reservation_capacity_in_gb_per_day": null,
            "resource_group_name": "rg-soatbc22-dev-fr",
            "retention_in_days": 30,
            "secondary_shared_key": "Ibt1Bmd8K9Ug1I3PbD9hFMPFOqN1pWNaIgzWhKH/DuOPexAOHEPwF2vhWkMzvwW2RLLgCVN94YdBWGnxnJqZPA==",
            "sku": "PerGB2018",
            "tags": null,
            "timeouts": null,
            "workspace_id": "413d1d8b-4b3b-4ebc-9345-e6676b53bca4"
          },
          "sensitive_attributes": [],
          "private": "eyJlMmJmYjczMC1lY2FhLTExZTYtOGY4OC0zNDM2M2JjN2M0YzAiOnsiY3JlYXRlIjoxODAwMDAwMDAwMDAwLCJkZWxldGUiOjE4MDAwMDAwMDAwMDAsInJlYWQiOjMwMDAwMDAwMDAwMCwidXBkYXRlIjoxODAwMDAwMDAwMDAwfSwic2NoZW1hX3ZlcnNpb24iOiIyIn0=",
          "dependencies": [
            "azurerm_resource_group.default"
          ]
        }
      ]
    },
    {
      "mode": "managed",
      "type": "azurerm_postgresql_flexible_server",
      "name": "default",
      "provider": "provider[\"registry.terraform.io/hashicorp/azurerm\"]",
      "instances": [
        {
          "schema_version": 0,
          "attributes": {
            "administrator_login": "user",
            "administrator_password": "P@ssw0rd",
            "backup_retention_days": 7,
            "create_mode": null,
            "delegated_subnet_id": "",
            "fqdn": "pgsql-soatbc22-dev-fr.postgres.database.azure.com",
            "geo_redundant_backup_enabled": false,
            "high_availability": [],
            "id": "/subscriptions/a8c2cbf3-06e2-466d-b096-081fe8a3d549/resourceGroups/rg-soatbc22-dev-fr/providers/Microsoft.DBforPostgreSQL/flexibleServers/pgsql-soatbc22-dev-fr",
            "location": "francecentral",
            "maintenance_window": [],
            "name": "pgsql-soatbc22-dev-fr",
            "point_in_time_restore_time_in_utc": null,
            "private_dns_zone_id": "",
            "public_network_access_enabled": true,
            "resource_group_name": "rg-soatbc22-dev-fr",
            "sku_name": "B_Standard_B1ms",
            "source_server_id": null,
            "storage_mb": 32768,
            "tags": null,
            "timeouts": null,
            "version": "14",
            "zone": "1"
          },
          "sensitive_attributes": [
            [
              {
                "type": "get_attr",
                "value": "administrator_password"
              }
            ]
          ],
          "private": "eyJlMmJmYjczMC1lY2FhLTExZTYtOGY4OC0zNDM2M2JjN2M0YzAiOnsiY3JlYXRlIjozNjAwMDAwMDAwMDAwLCJkZWxldGUiOjM2MDAwMDAwMDAwMDAsInJlYWQiOjMwMDAwMDAwMDAwMCwidXBkYXRlIjozNjAwMDAwMDAwMDAwfX0=",
          "dependencies": [
            "azurerm_resource_group.default"
          ]
        }
      ]
    },
    {
      "mode": "managed",
      "type": "azurerm_postgresql_flexible_server_database",
      "name": "default",
      "provider": "provider[\"registry.terraform.io/hashicorp/azurerm\"]",
      "instances": [
        {
          "schema_version": 0,
          "attributes": {
            "charset": "UTF8",
            "collation": "en_US.UTF8",
            "id": "/subscriptions/a8c2cbf3-06e2-466d-b096-081fe8a3d549/resourceGroups/rg-soatbc22-dev-fr/providers/Microsoft.DBforPostgreSQL/flexibleServers/pgsql-soatbc22-dev-fr/databases/antigaspi",
            "name": "antigaspi",
            "server_id": "/subscriptions/a8c2cbf3-06e2-466d-b096-081fe8a3d549/resourceGroups/rg-soatbc22-dev-fr/providers/Microsoft.DBforPostgreSQL/flexibleServers/pgsql-soatbc22-dev-fr",
            "timeouts": null
          },
          "sensitive_attributes": [],
          "private": "eyJlMmJmYjczMC1lY2FhLTExZTYtOGY4OC0zNDM2M2JjN2M0YzAiOnsiY3JlYXRlIjoxODAwMDAwMDAwMDAwLCJkZWxldGUiOjE4MDAwMDAwMDAwMDAsInJlYWQiOjMwMDAwMDAwMDAwMH19",
          "dependencies": [
            "azurerm_postgresql_flexible_server.default",
            "azurerm_resource_group.default"
          ]
        }
      ]
    },
    {
      "mode": "managed",
      "type": "azurerm_resource_group",
      "name": "default",
      "provider": "provider[\"registry.terraform.io/hashicorp/azurerm\"]",
      "instances": [
        {
          "schema_version": 0,
          "attributes": {
            "id": "/subscriptions/a8c2cbf3-06e2-466d-b096-081fe8a3d549/resourceGroups/rg-soatbc22-dev-fr",
            "location": "francecentral",
            "name": "rg-soatbc22-dev-fr",
            "tags": null,
            "timeouts": null
          },
          "sensitive_attributes": [],
          "private": "eyJlMmJmYjczMC1lY2FhLTExZTYtOGY4OC0zNDM2M2JjN2M0YzAiOnsiY3JlYXRlIjo1NDAwMDAwMDAwMDAwLCJkZWxldGUiOjU0MDAwMDAwMDAwMDAsInJlYWQiOjMwMDAwMDAwMDAwMCwidXBkYXRlIjo1NDAwMDAwMDAwMDAwfX0="
        }
      ]
    },
    {
      "mode": "managed",
      "type": "azurerm_service_plan",
      "name": "default",
      "provider": "provider[\"registry.terraform.io/hashicorp/azurerm\"]",
      "instances": [
        {
          "schema_version": 0,
          "attributes": {
            "app_service_environment_id": "",
            "id": "/subscriptions/a8c2cbf3-06e2-466d-b096-081fe8a3d549/resourceGroups/rg-soatbc22-dev-fr/providers/Microsoft.Web/serverfarms/plan-soatbc22-dev-fr",
            "kind": "app",
            "location": "francecentral",
            "maximum_elastic_worker_count": 1,
            "name": "plan-soatbc22-dev-fr",
            "os_type": "Windows",
            "per_site_scaling_enabled": false,
            "reserved": false,
            "resource_group_name": "rg-soatbc22-dev-fr",
            "sku_name": "F1",
            "tags": null,
            "timeouts": null,
            "worker_count": 0,
            "zone_balancing_enabled": false
          },
          "sensitive_attributes": [],
          "private": "eyJlMmJmYjczMC1lY2FhLTExZTYtOGY4OC0zNDM2M2JjN2M0YzAiOnsiY3JlYXRlIjozNjAwMDAwMDAwMDAwLCJkZWxldGUiOjM2MDAwMDAwMDAwMDAsInJlYWQiOjMwMDAwMDAwMDAwMCwidXBkYXRlIjozNjAwMDAwMDAwMDAwfX0=",
          "dependencies": [
            "azurerm_resource_group.default"
          ]
        }
      ]
    }
  ],
  "check_results": []
}
